{
  "projects": [
    {
      "projectId": "9Vr5YWkf3w7jj6SsTcCEta",
      "version": "0.11.0",
      "dependencies": {},
      "lang": "ts",
      "fileLocks": [
        {
          "assetId": "9Vr5YWkf3w7jj6SsTcCEta",
          "type": "projectCss",
          "checksum": "e1ec850476829c38b0f9b6d4f7ac446a"
        }
      ],
      "codegenVersion": "0.0.1"
    },
    {
      "projectId": "jkU633o1Cz7HrJdwdxhVHk",
      "version": "16.11.0",
      "dependencies": {},
      "lang": "ts",
      "fileLocks": [
        {
          "assetId": "jkU633o1Cz7HrJdwdxhVHk",
          "type": "projectCss",
          "checksum": "0581d4378bb1604bb5fe3f65bb0a37de"
        }
      ],
      "codegenVersion": "0.0.1"
    },
    {
      "projectId": "kS7YGZfVr6mU43XDQjXELc",
      "version": "0.16.0",
      "dependencies": {},
      "lang": "ts",
      "fileLocks": [
        {
          "assetId": "kS7YGZfVr6mU43XDQjXELc",
          "type": "projectCss",
          "checksum": "e1ec850476829c38b0f9b6d4f7ac446a"
        }
      ],
      "codegenVersion": "0.0.1"
    },
    {
      "projectId": "ohDidvG9XsCeFumugENU3J",
      "version": "6.26.0",
      "dependencies": {},
      "lang": "ts",
      "fileLocks": [
        {
          "assetId": "ohDidvG9XsCeFumugENU3J",
          "type": "projectCss",
          "checksum": "fd83b730367fdbde2c69bc6cf31c2a3c"
        },
        {
          "assetId": "ohDidvG9XsCeFumugENU3J",
          "checksum": "de0a0e65174a6a185a8f822af51c6bdd",
          "type": "globalContexts"
        }
      ],
      "codegenVersion": "0.0.1"
    },
    {
      "projectId": "ugM6rmprqae5FXqemuYpLm",
      "version": "latest",
      "dependencies": {
        "ohDidvG9XsCeFumugENU3J": "6.26.0",
        "kS7YGZfVr6mU43XDQjXELc": "0.16.0",
        "jkU633o1Cz7HrJdwdxhVHk": "16.11.0",
        "9Vr5YWkf3w7jj6SsTcCEta": "0.11.0"
      },
      "lang": "ts",
      "fileLocks": [
        {
          "type": "globalVariant",
          "assetId": "cyIg-cc3x6iQ",
          "checksum": "b1599c27a964ba1fe82bc6dc106861bf"
        },
        {
          "assetId": "ugM6rmprqae5FXqemuYpLm",
          "type": "projectCss",
          "checksum": "3091ff3b22135ae783acf7a1e4e193c3"
        },
        {
          "assetId": "ugM6rmprqae5FXqemuYpLm",
          "checksum": "985a4b52d8e7a7c734ea29c613275286",
          "type": "globalContexts"
        },
        {
          "type": "renderModule",
          "assetId": "BsTn4CuLUVdB",
          "checksum": "170e47421bfe79d371b755073836121e"
        },
        {
          "type": "cssRules",
          "assetId": "BsTn4CuLUVdB",
          "checksum": "170e47421bfe79d371b755073836121e"
        },
        {
          "type": "renderModule",
          "assetId": "reC2EhEX9Snl",
          "checksum": "278306de666ee77a6bc84db2a384bf00"
        },
        {
          "type": "cssRules",
          "assetId": "reC2EhEX9Snl",
          "checksum": "278306de666ee77a6bc84db2a384bf00"
        },
        {
          "type": "renderModule",
          "assetId": "Pen7B1ETxvWQ",
          "checksum": "ab10254ed78122bb4d75bd1dd5d39f2d"
        },
        {
          "type": "cssRules",
          "assetId": "Pen7B1ETxvWQ",
          "checksum": "ab10254ed78122bb4d75bd1dd5d39f2d"
        },
        {
          "type": "renderModule",
          "assetId": "8nE1YSOiHIwE",
          "checksum": "aeb568966080a0887b8a4497bdcd343c"
        },
        {
          "type": "cssRules",
          "assetId": "8nE1YSOiHIwE",
          "checksum": "aeb568966080a0887b8a4497bdcd343c"
        },
        {
          "type": "renderModule",
          "assetId": "Ln2tCX6ptptG",
          "checksum": "9f241970e57c86995bb5335484085c2e"
        },
        {
          "type": "cssRules",
          "assetId": "Ln2tCX6ptptG",
          "checksum": "9f241970e57c86995bb5335484085c2e"
        },
        {
          "type": "renderModule",
          "assetId": "BSjelx751w2N",
          "checksum": "c40088c03962fb8190e4680f08f90f20"
        },
        {
          "type": "cssRules",
          "assetId": "BSjelx751w2N",
          "checksum": "c40088c03962fb8190e4680f08f90f20"
        },
        {
          "type": "renderModule",
          "assetId": "o1xVp1weCvp5",
          "checksum": "dc5ccb1efaa8c7bd9022b0023cf1bfc1"
        },
        {
          "type": "cssRules",
          "assetId": "o1xVp1weCvp5",
          "checksum": "dc5ccb1efaa8c7bd9022b0023cf1bfc1"
        },
        {
          "type": "renderModule",
          "assetId": "KxLM1ajuu_fm",
          "checksum": "6fe74699a7bdbc432a63204eae5a6e6e"
        },
        {
          "type": "cssRules",
          "assetId": "KxLM1ajuu_fm",
          "checksum": "6fe74699a7bdbc432a63204eae5a6e6e"
        },
        {
          "type": "renderModule",
          "assetId": "8eTek5Kk2DcY",
          "checksum": "127fb862ea91265cbfcdfe6fcb1c2c4c"
        },
        {
          "type": "cssRules",
          "assetId": "8eTek5Kk2DcY",
          "checksum": "127fb862ea91265cbfcdfe6fcb1c2c4c"
        },
        {
          "type": "renderModule",
          "assetId": "5fNyw43Cpkeu",
          "checksum": "05d3a4c9daeb75d31a63223cc6b6d073"
        },
        {
          "type": "cssRules",
          "assetId": "5fNyw43Cpkeu",
          "checksum": "05d3a4c9daeb75d31a63223cc6b6d073"
        },
        {
          "type": "renderModule",
          "assetId": "oHg2ZU_OjuAo",
          "checksum": "3692d92ff31f6b236c6ed5345773692a"
        },
        {
          "type": "cssRules",
          "assetId": "oHg2ZU_OjuAo",
          "checksum": "3692d92ff31f6b236c6ed5345773692a"
        },
        {
          "type": "renderModule",
          "assetId": "zngwF8VpMbkA",
          "checksum": "2484b81cbc7056f98c5db93bb146bc06"
        },
        {
          "type": "cssRules",
          "assetId": "zngwF8VpMbkA",
          "checksum": "2484b81cbc7056f98c5db93bb146bc06"
        },
        {
          "type": "icon",
          "assetId": "LYUm46QRG26d",
          "checksum": "7b6e9767dfcff114dec7a1f72b4193fe"
        },
        {
          "type": "icon",
          "assetId": "PqvU_I3FzKNq",
          "checksum": "c94e0f1b4e41c479555c22308bfe9e49"
        },
        {
          "type": "icon",
          "assetId": "8g34AVvcl270",
          "checksum": "64adadbf488693512b25ed1906636739"
        },
        {
          "type": "icon",
          "assetId": "telE8Z5FaBFJ",
          "checksum": "3063c50d6ae5d70e155f74529999c822"
        },
        {
          "type": "icon",
          "assetId": "Q4QWE_aePnmH",
          "checksum": "b0dfc3cd656de12c15c0db1f23f87a76"
        },
        {
          "type": "icon",
          "assetId": "znwXHF2GqLtS",
          "checksum": "bada2003d001050338c82d61492a4277"
        },
        {
          "type": "icon",
          "assetId": "p0hhYXncelg3",
          "checksum": "64692b8fa0c4769ce520b8e54fa98694"
        },
        {
          "type": "icon",
          "assetId": "KknmGGCvoHmB",
          "checksum": "1bab325e390b725829915939ed05655b"
        },
        {
          "type": "icon",
          "assetId": "iqukWNnqtUx9",
          "checksum": "6f9b1f485f0ccc9def15d994d8427154"
        },
        {
          "type": "image",
          "assetId": "Tajli1GC4DCL",
          "checksum": "688ed9f19a399caf9eb497e22ca65940"
        }
      ],
      "codegenVersion": "0.0.1"
    },
    {
      "projectId": "YUiM7yqBWAqsh8KSnrdj7",
      "version": "0.30.0",
      "dependencies": {},
      "lang": "ts",
      "fileLocks": [
        {
          "assetId": "YUiM7yqBWAqsh8KSnrdj7",
          "type": "projectCss",
          "checksum": "dac72600b04b6e6a3014e82512a15fe1"
        }
      ],
      "codegenVersion": "0.0.1"
    },
    {
      "projectId": "7nJ7UcFmq9UzB6eXfC5z4a",
      "version": "0.29.0",
      "dependencies": {},
      "lang": "ts",
      "fileLocks": [
        {
          "assetId": "7nJ7UcFmq9UzB6eXfC5z4a",
          "type": "projectCss",
          "checksum": "05587b57f22f0ec8bb54543deb39762e"
        }
      ],
      "codegenVersion": "0.0.1"
    },
    {
      "projectId": "5Wyypaj28HpFwgqusnxkCW",
      "version": "latest",
      "dependencies": {
        "ohDidvG9XsCeFumugENU3J": "6.26.0",
        "jkU633o1Cz7HrJdwdxhVHk": "16.11.0",
        "9Vr5YWkf3w7jj6SsTcCEta": "0.11.0",
        "7nJ7UcFmq9UzB6eXfC5z4a": "0.29.0",
        "YUiM7yqBWAqsh8KSnrdj7": "0.30.0"
      },
      "lang": "ts",
      "fileLocks": [
        {
          "type": "globalVariant",
          "assetId": "VC-mujqdN-H7",
          "checksum": "23da30a2fce719357d67068703f9afe1"
        },
        {
          "assetId": "5Wyypaj28HpFwgqusnxkCW",
          "type": "projectCss",
          "checksum": "45534220863574c60d11d2b47d5e0db0"
        },
        {
          "assetId": "5Wyypaj28HpFwgqusnxkCW",
          "checksum": "945ab6bd128645de17c2cdb470a2d466",
          "type": "globalContexts"
        },
        {
          "type": "renderModule",
          "assetId": "coHBJsslNByC",
          "checksum": "bb34bb8612648cf12d29779b730ce4ff"
        },
        {
          "type": "cssRules",
          "assetId": "coHBJsslNByC",
          "checksum": "bb34bb8612648cf12d29779b730ce4ff"
        },
        {
          "type": "renderModule",
          "assetId": "aG693ljhigII",
          "checksum": "3fdda93c0f6179c88392b1eb99ecec69"
        },
        {
          "type": "cssRules",
          "assetId": "aG693ljhigII",
          "checksum": "3fdda93c0f6179c88392b1eb99ecec69"
        },
        {
          "type": "renderModule",
          "assetId": "EdBZbn-IoTUV",
          "checksum": "cf75c96aa9f7216362158cde57f8575b"
        },
        {
          "type": "cssRules",
          "assetId": "EdBZbn-IoTUV",
          "checksum": "cf75c96aa9f7216362158cde57f8575b"
        },
        {
          "type": "renderModule",
          "assetId": "l9aj5pWQjv7Z",
          "checksum": "b08936b4d14534b3c38ee83ffce271c5"
        },
        {
          "type": "cssRules",
          "assetId": "l9aj5pWQjv7Z",
          "checksum": "b08936b4d14534b3c38ee83ffce271c5"
        },
        {
          "type": "renderModule",
          "assetId": "UqW26cv720DQ",
          "checksum": "a680fd40c80374e4fa3b2ccf6720fd7a"
        },
        {
          "type": "cssRules",
          "assetId": "UqW26cv720DQ",
          "checksum": "a680fd40c80374e4fa3b2ccf6720fd7a"
        },
        {
          "type": "renderModule",
          "assetId": "Gm8PiynKwc-M",
          "checksum": "3d7160d0a03eadc4fb33ca52551c7437"
        },
        {
          "type": "cssRules",
          "assetId": "Gm8PiynKwc-M",
          "checksum": "3d7160d0a03eadc4fb33ca52551c7437"
        },
        {
          "type": "renderModule",
          "assetId": "B_22a0ZpxEGl",
          "checksum": "9dc3a9c3580f4c5f2e1dcfed41917ac9"
        },
        {
          "type": "cssRules",
          "assetId": "B_22a0ZpxEGl",
          "checksum": "9dc3a9c3580f4c5f2e1dcfed41917ac9"
        },
        {
          "type": "renderModule",
          "assetId": "fnfdsio9HzJu",
          "checksum": "3e2394300c2d8bd5ad13929903ece816"
        },
        {
          "type": "cssRules",
          "assetId": "fnfdsio9HzJu",
          "checksum": "3e2394300c2d8bd5ad13929903ece816"
        },
        {
          "type": "renderModule",
          "assetId": "TFo_D-cEkGNF",
          "checksum": "ec53f84207cd78996f5870584bf417b6"
        },
        {
          "type": "cssRules",
          "assetId": "TFo_D-cEkGNF",
          "checksum": "ec53f84207cd78996f5870584bf417b6"
        },
        {
          "type": "renderModule",
          "assetId": "jAXJOeEa5g6J",
          "checksum": "f3e10c85f612f87e8fa2963522742ae1"
        },
        {
          "type": "cssRules",
          "assetId": "jAXJOeEa5g6J",
          "checksum": "f3e10c85f612f87e8fa2963522742ae1"
        },
        {
          "type": "icon",
          "assetId": "YdM3wmahHV_n",
          "checksum": "cefbcc22da87fe12379c0fcf9676eec6"
        },
        {
          "type": "icon",
          "assetId": "d4JfcPdBvm6f",
          "checksum": "14849c1e1022e90ddc5c2df4c357881a"
        },
        {
          "type": "icon",
          "assetId": "zNPk2w6cdzkE",
          "checksum": "ae06d8f6f0c14d34854238602f562cbb"
        }
      ],
      "codegenVersion": "0.0.1"
    }
  ],
  "cliVersion": "0.1.334"
}
